
Microsoft Visual Studio Solution File, Format Version 12.00
# Visual Studio Version 17
VisualStudioVersion = 17.12.35527.113
MinimumVisualStudioVersion = 10.0.40219.1
Project("{FAE04EC0-301F-11D3-BF4B-00C04F79EFBC}") = "shop.api", "shop.api\shop.api.csproj", "{CD1854BD-C399-4D9F-A5A7-47A8001EA3CC}"
EndProject
Project("{FAE04EC0-301F-11D3-BF4B-00C04F79EFBC}") = "shop.domain", "shop.domain\shop.domain.csproj", "{79BCEB1C-7EFE-479A-9B9F-E89E5674A373}"
EndProject
Project("{FAE04EC0-301F-11D3-BF4B-00C04F79EFBC}") = "shop.data", "shop.data\shop.data.csproj", "{206A697D-99B9-4E8C-A0A3-2D4F2492CFDE}"
EndProject
Global
	GlobalSection(SolutionConfigurationPlatforms) = preSolution
		Debug|Any CPU = Debug|Any CPU
		Release|Any CPU = Release|Any CPU
	EndGlobalSection
	GlobalSection(ProjectConfigurationPlatforms) = postSolution
		{CD1854BD-C399-4D9F-A5A7-47A8001EA3CC}.Debug|Any CPU.ActiveCfg = Debug|Any CPU
		{CD1854BD-C399-4D9F-A5A7-47A8001EA3CC}.Debug|Any CPU.Build.0 = Debug|Any CPU
		{CD1854BD-C399-4D9F-A5A7-47A8001EA3CC}.Release|Any CPU.ActiveCfg = Release|Any CPU
		{CD1854BD-C399-4D9F-A5A7-47A8001EA3CC}.Release|Any CPU.Build.0 = Release|Any CPU
		{79BCEB1C-7EFE-479A-9B9F-E89E5674A373}.Debug|Any CPU.ActiveCfg = Debug|Any CPU
		{79BCEB1C-7EFE-479A-9B9F-E89E5674A373}.Debug|Any CPU.Build.0 = Debug|Any CPU
		{79BCEB1C-7EFE-479A-9B9F-E89E5674A373}.Release|Any CPU.ActiveCfg = Release|Any CPU
		{79BCEB1C-7EFE-479A-9B9F-E89E5674A373}.Release|Any CPU.Build.0 = Release|Any CPU
		{206A697D-99B9-4E8C-A0A3-2D4F2492CFDE}.Debug|Any CPU.ActiveCfg = Debug|Any CPU
		{206A697D-99B9-4E8C-A0A3-2D4F2492CFDE}.Debug|Any CPU.Build.0 = Debug|Any CPU
		{206A697D-99B9-4E8C-A0A3-2D4F2492CFDE}.Release|Any CPU.ActiveCfg = Release|Any CPU
		{206A697D-99B9-4E8C-A0A3-2D4F2492CFDE}.Release|Any CPU.Build.0 = Release|Any CPU
	EndGlobalSection
	GlobalSection(SolutionProperties) = preSolution
		HideSolutionNode = FALSE
	EndGlobalSection
EndGlobal
